
Microsoft Visual Studio Solution File, Format Version 12.00
# Visual Studio Version 17
VisualStudioVersion = 17.4.33103.184
MinimumVisualStudioVersion = 10.0.40219.1
Project("{FAE04EC0-301F-11D3-BF4B-00C04F79EFBC}") = "Raytracer69", "Raytracer69\Raytracer69.csproj", "{40C061E4-8E6E-4908-B0FF-4162459686EA}"
EndProject
Global
	GlobalSection(SolutionConfigurationPlatforms) = preSolution
		Debug|Any CPU = Debug|Any CPU
		Release|Any CPU = Release|Any CPU
	EndGlobalSection
	GlobalSection(ProjectConfigurationPlatforms) = postSolution
		{40C061E4-8E6E-4908-B0FF-4162459686EA}.Debug|Any CPU.ActiveCfg = Debug|Any CPU
		{40C061E4-8E6E-4908-B0FF-4162459686EA}.Debug|Any CPU.Build.0 = Debug|Any CPU
		{40C061E4-8E6E-4908-B0FF-4162459686EA}.Release|Any CPU.ActiveCfg = Release|Any CPU
		{40C061E4-8E6E-4908-B0FF-4162459686EA}.Release|Any CPU.Build.0 = Release|Any CPU
	EndGlobalSection
	GlobalSection(SolutionProperties) = preSolution
		HideSolutionNode = FALSE
	EndGlobalSection
	GlobalSection(ExtensibilityGlobals) = postSolution
		SolutionGuid = {33EB7552-0FE3-4D39-A170-FBC62FFFBA2B}
	EndGlobalSection
EndGlobal
